
Microsoft Visual Studio Solution File, Format Version 12.00
# Visual Studio Version 17
VisualStudioVersion = 17.9.34607.119
MinimumVisualStudioVersion = 10.0.40219.1
Project("{FAE04EC0-301F-11D3-BF4B-00C04F79EFBC}") = "MVCTestApp2", "MVCTestApp2.csproj", "{33573C5E-A2D8-4407-B322-B40EA8E0F72B}"
EndProject
Global
	GlobalSection(SolutionConfigurationPlatforms) = preSolution
		Debug|Any CPU = Debug|Any CPU
		Release|Any CPU = Release|Any CPU
	EndGlobalSection
	GlobalSection(ProjectConfigurationPlatforms) = postSolution
		{33573C5E-A2D8-4407-B322-B40EA8E0F72B}.Debug|Any CPU.ActiveCfg = Debug|Any CPU
		{33573C5E-A2D8-4407-B322-B40EA8E0F72B}.Debug|Any CPU.Build.0 = Debug|Any CPU
		{33573C5E-A2D8-4407-B322-B40EA8E0F72B}.Release|Any CPU.ActiveCfg = Release|Any CPU
		{33573C5E-A2D8-4407-B322-B40EA8E0F72B}.Release|Any CPU.Build.0 = Release|Any CPU
	EndGlobalSection
	GlobalSection(SolutionProperties) = preSolution
		HideSolutionNode = FALSE
	EndGlobalSection
	GlobalSection(ExtensibilityGlobals) = postSolution
		SolutionGuid = {EF0D42E8-C0EA-4771-9D35-B61DA0F24E45}
	EndGlobalSection
EndGlobal
